
Microsoft Visual Studio Solution File, Format Version 12.00
# Visual Studio Version 17
VisualStudioVersion = 17.6.33723.286
MinimumVisualStudioVersion = 10.0.40219.1
Project("{FAE04EC0-301F-11D3-BF4B-00C04F79EFBC}") = "GleenProject", "GleenProject\GleenProject.csproj", "{141AE018-9D32-4DF9-971D-69EFAD7FD0BE}"
EndProject
Global
	GlobalSection(SolutionConfigurationPlatforms) = preSolution
		Debug|Any CPU = Debug|Any CPU
		Release|Any CPU = Release|Any CPU
	EndGlobalSection
	GlobalSection(ProjectConfigurationPlatforms) = postSolution
		{141AE018-9D32-4DF9-971D-69EFAD7FD0BE}.Debug|Any CPU.ActiveCfg = Debug|Any CPU
		{141AE018-9D32-4DF9-971D-69EFAD7FD0BE}.Debug|Any CPU.Build.0 = Debug|Any CPU
		{141AE018-9D32-4DF9-971D-69EFAD7FD0BE}.Release|Any CPU.ActiveCfg = Release|Any CPU
		{141AE018-9D32-4DF9-971D-69EFAD7FD0BE}.Release|Any CPU.Build.0 = Release|Any CPU
	EndGlobalSection
	GlobalSection(SolutionProperties) = preSolution
		HideSolutionNode = FALSE
	EndGlobalSection
	GlobalSection(ExtensibilityGlobals) = postSolution
		SolutionGuid = {FEB01C15-EAB1-47B0-B987-2D6D980FE4E6}
	EndGlobalSection
EndGlobal
